
Microsoft Visual Studio Solution File, Format Version 12.00
# Visual Studio 14
VisualStudioVersion = 14.0.24720.0
MinimumVisualStudioVersion = 10.0.40219.1
Project("{FAE04EC0-301F-11D3-BF4B-00C04F79EFBC}") = "RockPaperScissors.Domain", "RockPaperScissors.Domain\RockPaperScissors.Domain.csproj", "{6A398543-9CF1-460C-BABB-C510451455AA}"
EndProject
Project("{FAE04EC0-301F-11D3-BF4B-00C04F79EFBC}") = "RockPaperScissors.Messages", "RockPaperScissors.Messages\RockPaperScissors.Messages.csproj", "{48005252-3D1F-4152-9C4C-89B3A353BAAD}"
EndProject
Project("{FAE04EC0-301F-11D3-BF4B-00C04F79EFBC}") = "RockPaperScissors.Tests", "RockPaperScissors.Tests\RockPaperScissors.Tests.csproj", "{ED37C2B7-ABF5-49A1-B84E-55DB5765D758}"
EndProject
Project("{FAE04EC0-301F-11D3-BF4B-00C04F79EFBC}") = "RockPaperScissors.Tasks", "RockPaperScissors.Tasks\RockPaperScissors.Tasks.csproj", "{33D9DD3A-F09E-4553-9246-08AA205F7373}"
EndProject
Project("{FAE04EC0-301F-11D3-BF4B-00C04F79EFBC}") = "RockPaperScissors.Tests.Acceptance", "RockPaperScissors.Tests.Acceptance\RockPaperScissors.Tests.Acceptance.csproj", "{065B6081-1BDE-4FCD-A1DE-AD2FE162F3D1}"
EndProject
Project("{FAE04EC0-301F-11D3-BF4B-00C04F79EFBC}") = "RockPaperScissors.Web", "RockPaperScissors.Web\RockPaperScissors.Web.csproj", "{CA201FAB-58E0-4CFE-9BD4-AFE37509E3A9}"
EndProject
Global
	GlobalSection(SolutionConfigurationPlatforms) = preSolution
		Debug|Any CPU = Debug|Any CPU
		Release|Any CPU = Release|Any CPU
	EndGlobalSection
	GlobalSection(ProjectConfigurationPlatforms) = postSolution
		{6A398543-9CF1-460C-BABB-C510451455AA}.Debug|Any CPU.ActiveCfg = Debug|Any CPU
		{6A398543-9CF1-460C-BABB-C510451455AA}.Debug|Any CPU.Build.0 = Debug|Any CPU
		{6A398543-9CF1-460C-BABB-C510451455AA}.Release|Any CPU.ActiveCfg = Release|Any CPU
		{6A398543-9CF1-460C-BABB-C510451455AA}.Release|Any CPU.Build.0 = Release|Any CPU
		{48005252-3D1F-4152-9C4C-89B3A353BAAD}.Debug|Any CPU.ActiveCfg = Debug|Any CPU
		{48005252-3D1F-4152-9C4C-89B3A353BAAD}.Debug|Any CPU.Build.0 = Debug|Any CPU
		{48005252-3D1F-4152-9C4C-89B3A353BAAD}.Release|Any CPU.ActiveCfg = Release|Any CPU
		{48005252-3D1F-4152-9C4C-89B3A353BAAD}.Release|Any CPU.Build.0 = Release|Any CPU
		{ED37C2B7-ABF5-49A1-B84E-55DB5765D758}.Debug|Any CPU.ActiveCfg = Debug|Any CPU
		{ED37C2B7-ABF5-49A1-B84E-55DB5765D758}.Debug|Any CPU.Build.0 = Debug|Any CPU
		{ED37C2B7-ABF5-49A1-B84E-55DB5765D758}.Release|Any CPU.ActiveCfg = Release|Any CPU
		{ED37C2B7-ABF5-49A1-B84E-55DB5765D758}.Release|Any CPU.Build.0 = Release|Any CPU
		{33D9DD3A-F09E-4553-9246-08AA205F7373}.Debug|Any CPU.ActiveCfg = Debug|Any CPU
		{33D9DD3A-F09E-4553-9246-08AA205F7373}.Debug|Any CPU.Build.0 = Debug|Any CPU
		{33D9DD3A-F09E-4553-9246-08AA205F7373}.Release|Any CPU.ActiveCfg = Release|Any CPU
		{33D9DD3A-F09E-4553-9246-08AA205F7373}.Release|Any CPU.Build.0 = Release|Any CPU
		{065B6081-1BDE-4FCD-A1DE-AD2FE162F3D1}.Debug|Any CPU.ActiveCfg = Debug|Any CPU
		{065B6081-1BDE-4FCD-A1DE-AD2FE162F3D1}.Debug|Any CPU.Build.0 = Debug|Any CPU
		{065B6081-1BDE-4FCD-A1DE-AD2FE162F3D1}.Release|Any CPU.ActiveCfg = Release|Any CPU
		{065B6081-1BDE-4FCD-A1DE-AD2FE162F3D1}.Release|Any CPU.Build.0 = Release|Any CPU
		{CA201FAB-58E0-4CFE-9BD4-AFE37509E3A9}.Debug|Any CPU.ActiveCfg = Debug|Any CPU
		{CA201FAB-58E0-4CFE-9BD4-AFE37509E3A9}.Debug|Any CPU.Build.0 = Debug|Any CPU
		{CA201FAB-58E0-4CFE-9BD4-AFE37509E3A9}.Release|Any CPU.ActiveCfg = Release|Any CPU
		{CA201FAB-58E0-4CFE-9BD4-AFE37509E3A9}.Release|Any CPU.Build.0 = Release|Any CPU
	EndGlobalSection
	GlobalSection(SolutionProperties) = preSolution
		HideSolutionNode = FALSE
	EndGlobalSection
EndGlobal
